// !$*UTF8*$!
{
	archiveVersion = 1;
	classes = {
	};
	objectVersion = 56;
	objects = {

/* Begin PBXBuildFile section */
		140263C42A93F809007206CB /* MainStruct.swift in Sources */ = {isa = PBXBuildFile; fileRef = 140263C32A93F809007206CB /* MainStruct.swift */; };
		140263CD2A93FDBF007206CB /* UserPosts.swift in Sources */ = {isa = PBXBuildFile; fileRef = 140263CC2A93FDBF007206CB /* UserPosts.swift */; };
		140263D12A940FFC007206CB /* ViewController.swift in Sources */ = {isa = PBXBuildFile; fileRef = 140263D02A940FFC007206CB /* ViewController.swift */; };
		145703FF2A98E08100A634E2 /* SinglePostView.swift in Sources */ = {isa = PBXBuildFile; fileRef = 145703FE2A98E08100A634E2 /* SinglePostView.swift */; };
		148296E02A97845600CFD020 /* TabBar2.swift in Sources */ = {isa = PBXBuildFile; fileRef = 148296DF2A97845600CFD020 /* TabBar2.swift */; };
		14AE9D1A2A97EEAA00AB7382 /* NVActivityIndicatorView in Frameworks */ = {isa = PBXBuildFile; productRef = 14AE9D192A97EEAA00AB7382 /* NVActivityIndicatorView */; };
		14AE9D1F2A9805CE00AB7382 /* LikeManager.swift in Sources */ = {isa = PBXBuildFile; fileRef = 14AE9D1E2A9805CE00AB7382 /* LikeManager.swift */; };
		14AE9D212A980F4A00AB7382 /* AddNewPostViewController.swift in Sources */ = {isa = PBXBuildFile; fileRef = 14AE9D202A980F4A00AB7382 /* AddNewPostViewController.swift */; };
		14AE9D232A980FD400AB7382 /* AddNewPost.swift in Sources */ = {isa = PBXBuildFile; fileRef = 14AE9D222A980FD400AB7382 /* AddNewPost.swift */; };
		14B866242A954C0100A5239A /* NameTableViewCell.swift in Sources */ = {isa = PBXBuildFile; fileRef = 14B866222A954C0100A5239A /* NameTableViewCell.swift */; };
		14B866252A954C0100A5239A /* NameTableViewCell.xib in Resources */ = {isa = PBXBuildFile; fileRef = 14B866232A954C0100A5239A /* NameTableViewCell.xib */; };
		14B866282A954C3700A5239A /* ContentTableViewCell.swift in Sources */ = {isa = PBXBuildFile; fileRef = 14B866262A954C3700A5239A /* ContentTableViewCell.swift */; };
		14B866292A954C3700A5239A /* ContentTableViewCell.xib in Resources */ = {isa = PBXBuildFile; fileRef = 14B866272A954C3700A5239A /* ContentTableViewCell.xib */; };
		14B8662E2A954C6100A5239A /* ButtonsTableViewCell.swift in Sources */ = {isa = PBXBuildFile; fileRef = 14B8662C2A954C6100A5239A /* ButtonsTableViewCell.swift */; };
		14B8662F2A954C6100A5239A /* ButtonsTableViewCell.xib in Resources */ = {isa = PBXBuildFile; fileRef = 14B8662D2A954C6100A5239A /* ButtonsTableViewCell.xib */; };
		14D2E9862A92A3F6000B03F6 /* AppDelegate.swift in Sources */ = {isa = PBXBuildFile; fileRef = 14D2E9852A92A3F6000B03F6 /* AppDelegate.swift */; };
		14D2E9882A92A3F6000B03F6 /* SceneDelegate.swift in Sources */ = {isa = PBXBuildFile; fileRef = 14D2E9872A92A3F6000B03F6 /* SceneDelegate.swift */; };
		14D2E98D2A92A3F6000B03F6 /* Main.storyboard in Resources */ = {isa = PBXBuildFile; fileRef = 14D2E98B2A92A3F6000B03F6 /* Main.storyboard */; };
		14D2E98F2A92A3F8000B03F6 /* Assets.xcassets in Resources */ = {isa = PBXBuildFile; fileRef = 14D2E98E2A92A3F8000B03F6 /* Assets.xcassets */; };
		14D2E9922A92A3F8000B03F6 /* LaunchScreen.storyboard in Resources */ = {isa = PBXBuildFile; fileRef = 14D2E9902A92A3F8000B03F6 /* LaunchScreen.storyboard */; };
		14D2E99B2A92B3D5000B03F6 /* tokenManager.swift in Sources */ = {isa = PBXBuildFile; fileRef = 14D2E99A2A92B3D5000B03F6 /* tokenManager.swift */; };
		14D2E99E2A92B442000B03F6 /* Alamofire in Frameworks */ = {isa = PBXBuildFile; productRef = 14D2E99D2A92B442000B03F6 /* Alamofire */; };
		14D2E9A02A92B48A000B03F6 /* userAuthSystem.swift in Sources */ = {isa = PBXBuildFile; fileRef = 14D2E99F2A92B48A000B03F6 /* userAuthSystem.swift */; };
		14D2E9A32A92B4DB000B03F6 /* SystemStructs.swift in Sources */ = {isa = PBXBuildFile; fileRef = 14D2E9A22A92B4DB000B03F6 /* SystemStructs.swift */; };
		14D2E9A52A92C18B000B03F6 /* HomePageViewController.swift in Sources */ = {isa = PBXBuildFile; fileRef = 14D2E9A42A92C18B000B03F6 /* HomePageViewController.swift */; };
		14D2E9A82A92C23E000B03F6 /* TabBar.swift in Sources */ = {isa = PBXBuildFile; fileRef = 14D2E9A72A92C23E000B03F6 /* TabBar.swift */; };
/* End PBXBuildFile section */

/* Begin PBXFileReference section */
		140263C32A93F809007206CB /* MainStruct.swift */ = {isa = PBXFileReference; lastKnownFileType = sourcecode.swift; path = MainStruct.swift; sourceTree = "<group>"; };
		140263CC2A93FDBF007206CB /* UserPosts.swift */ = {isa = PBXFileReference; lastKnownFileType = sourcecode.swift; path = UserPosts.swift; sourceTree = "<group>"; };
		140263D02A940FFC007206CB /* ViewController.swift */ = {isa = PBXFileReference; lastKnownFileType = sourcecode.swift; path = ViewController.swift; sourceTree = "<group>"; };
		145703FE2A98E08100A634E2 /* SinglePostView.swift */ = {isa = PBXFileReference; lastKnownFileType = sourcecode.swift; path = SinglePostView.swift; sourceTree = "<group>"; };
		148296DF2A97845600CFD020 /* TabBar2.swift */ = {isa = PBXFileReference; lastKnownFileType = sourcecode.swift; path = TabBar2.swift; sourceTree = "<group>"; };
		14AE9D1E2A9805CE00AB7382 /* LikeManager.swift */ = {isa = PBXFileReference; lastKnownFileType = sourcecode.swift; path = LikeManager.swift; sourceTree = "<group>"; };
		14AE9D202A980F4A00AB7382 /* AddNewPostViewController.swift */ = {isa = PBXFileReference; lastKnownFileType = sourcecode.swift; path = AddNewPostViewController.swift; sourceTree = "<group>"; };
		14AE9D222A980FD400AB7382 /* AddNewPost.swift */ = {isa = PBXFileReference; lastKnownFileType = sourcecode.swift; path = AddNewPost.swift; sourceTree = "<group>"; };
		14B866222A954C0100A5239A /* NameTableViewCell.swift */ = {isa = PBXFileReference; lastKnownFileType = sourcecode.swift; path = NameTableViewCell.swift; sourceTree = "<group>"; };
		14B866232A954C0100A5239A /* NameTableViewCell.xib */ = {isa = PBXFileReference; lastKnownFileType = file.xib; path = NameTableViewCell.xib; sourceTree = "<group>"; };
		14B866262A954C3700A5239A /* ContentTableViewCell.swift */ = {isa = PBXFileReference; lastKnownFileType = sourcecode.swift; path = ContentTableViewCell.swift; sourceTree = "<group>"; };
		14B866272A954C3700A5239A /* ContentTableViewCell.xib */ = {isa = PBXFileReference; lastKnownFileType = file.xib; path = ContentTableViewCell.xib; sourceTree = "<group>"; };
		14B8662C2A954C6100A5239A /* ButtonsTableViewCell.swift */ = {isa = PBXFileReference; lastKnownFileType = sourcecode.swift; path = ButtonsTableViewCell.swift; sourceTree = "<group>"; };
		14B8662D2A954C6100A5239A /* ButtonsTableViewCell.xib */ = {isa = PBXFileReference; lastKnownFileType = file.xib; path = ButtonsTableViewCell.xib; sourceTree = "<group>"; };
		14D2E9822A92A3F6000B03F6 /* Ar8y.app */ = {isa = PBXFileReference; explicitFileType = wrapper.application; includeInIndex = 0; path = Ar8y.app; sourceTree = BUILT_PRODUCTS_DIR; };
		14D2E9852A92A3F6000B03F6 /* AppDelegate.swift */ = {isa = PBXFileReference; lastKnownFileType = sourcecode.swift; path = AppDelegate.swift; sourceTree = "<group>"; };
		14D2E9872A92A3F6000B03F6 /* SceneDelegate.swift */ = {isa = PBXFileReference; lastKnownFileType = sourcecode.swift; path = SceneDelegate.swift; sourceTree = "<group>"; };
		14D2E98C2A92A3F6000B03F6 /* Base */ = {isa = PBXFileReference; lastKnownFileType = file.storyboard; name = Base; path = Base.lproj/Main.storyboard; sourceTree = "<group>"; };
		14D2E98E2A92A3F8000B03F6 /* Assets.xcassets */ = {isa = PBXFileReference; lastKnownFileType = folder.assetcatalog; path = Assets.xcassets; sourceTree = "<group>"; };
		14D2E9912A92A3F8000B03F6 /* Base */ = {isa = PBXFileReference; lastKnownFileType = file.storyboard; name = Base; path = Base.lproj/LaunchScreen.storyboard; sourceTree = "<group>"; };
		14D2E9932A92A3F8000B03F6 /* Info.plist */ = {isa = PBXFileReference; lastKnownFileType = text.plist.xml; path = Info.plist; sourceTree = "<group>"; };
		14D2E99A2A92B3D5000B03F6 /* tokenManager.swift */ = {isa = PBXFileReference; lastKnownFileType = sourcecode.swift; path = tokenManager.swift; sourceTree = "<group>"; };
		14D2E99F2A92B48A000B03F6 /* userAuthSystem.swift */ = {isa = PBXFileReference; lastKnownFileType = sourcecode.swift; path = userAuthSystem.swift; sourceTree = "<group>"; };
		14D2E9A22A92B4DB000B03F6 /* SystemStructs.swift */ = {isa = PBXFileReference; lastKnownFileType = sourcecode.swift; path = SystemStructs.swift; sourceTree = "<group>"; };
		14D2E9A42A92C18B000B03F6 /* HomePageViewController.swift */ = {isa = PBXFileReference; lastKnownFileType = sourcecode.swift; path = HomePageViewController.swift; sourceTree = "<group>"; };
		14D2E9A72A92C23E000B03F6 /* TabBar.swift */ = {isa = PBXFileReference; lastKnownFileType = sourcecode.swift; path = TabBar.swift; sourceTree = "<group>"; };
/* End PBXFileReference section */

/* Begin PBXFrameworksBuildPhase section */
		14D2E97F2A92A3F6000B03F6 /* Frameworks */ = {
			isa = PBXFrameworksBuildPhase;
			buildActionMask = 2147483647;
			files = (
				14AE9D1A2A97EEAA00AB7382 /* NVActivityIndicatorView in Frameworks */,
				14D2E99E2A92B442000B03F6 /* Alamofire in Frameworks */,
			);
			runOnlyForDeploymentPostprocessing = 0;
		};
/* End PBXFrameworksBuildPhase section */

/* Begin PBXGroup section */
		140263C52A93FA55007206CB /* MainScreens */ = {
			isa = PBXGroup;
			children = (
				14D2E9A42A92C18B000B03F6 /* HomePageViewController.swift */,
				148296DF2A97845600CFD020 /* TabBar2.swift */,
				14AE9D202A980F4A00AB7382 /* AddNewPostViewController.swift */,
				145703FE2A98E08100A634E2 /* SinglePostView.swift */,
			);
			path = MainScreens;
			sourceTree = "<group>";
		};
		14AE9D1D2A9805AB00AB7382 /* Post Controller */ = {
			isa = PBXGroup;
			children = (
				14AE9D1E2A9805CE00AB7382 /* LikeManager.swift */,
				14AE9D222A980FD400AB7382 /* AddNewPost.swift */,
			);
			path = "Post Controller";
			sourceTree = "<group>";
		};
		14B866212A954BCE00A5239A /* Post View */ = {
			isa = PBXGroup;
			children = (
				14B866222A954C0100A5239A /* NameTableViewCell.swift */,
				14B866232A954C0100A5239A /* NameTableViewCell.xib */,
				14B866262A954C3700A5239A /* ContentTableViewCell.swift */,
				14B866272A954C3700A5239A /* ContentTableViewCell.xib */,
				14B8662C2A954C6100A5239A /* ButtonsTableViewCell.swift */,
				14B8662D2A954C6100A5239A /* ButtonsTableViewCell.xib */,
			);
			path = "Post View";
			sourceTree = "<group>";
		};
		14D2E9792A92A3F6000B03F6 = {
			isa = PBXGroup;
			children = (
				14D2E9842A92A3F6000B03F6 /* Ar8y */,
				14D2E9832A92A3F6000B03F6 /* Products */,
			);
			sourceTree = "<group>";
		};
		14D2E9832A92A3F6000B03F6 /* Products */ = {
			isa = PBXGroup;
			children = (
				14D2E9822A92A3F6000B03F6 /* Ar8y.app */,
			);
			name = Products;
			sourceTree = "<group>";
		};
		14D2E9842A92A3F6000B03F6 /* Ar8y */ = {
			isa = PBXGroup;
			children = (
				14D2E9A62A92C1DB000B03F6 /* views */,
				14D2E9A12A92B4A8000B03F6 /* models */,
				14D2E9992A92B3BD000B03F6 /* controllers */,
				14D2E9852A92A3F6000B03F6 /* AppDelegate.swift */,
				14D2E9872A92A3F6000B03F6 /* SceneDelegate.swift */,
				14D2E9A72A92C23E000B03F6 /* TabBar.swift */,
				14D2E98B2A92A3F6000B03F6 /* Main.storyboard */,
				14D2E98E2A92A3F8000B03F6 /* Assets.xcassets */,
				14D2E9902A92A3F8000B03F6 /* LaunchScreen.storyboard */,
				14D2E9932A92A3F8000B03F6 /* Info.plist */,
				140263D02A940FFC007206CB /* ViewController.swift */,
			);
			path = Ar8y;
			sourceTree = "<group>";
		};
		14D2E9992A92B3BD000B03F6 /* controllers */ = {
			isa = PBXGroup;
			children = (
				14AE9D1D2A9805AB00AB7382 /* Post Controller */,
				14D2E99A2A92B3D5000B03F6 /* tokenManager.swift */,
				14D2E99F2A92B48A000B03F6 /* userAuthSystem.swift */,
				140263CC2A93FDBF007206CB /* UserPosts.swift */,
			);
			path = controllers;
			sourceTree = "<group>";
		};
		14D2E9A12A92B4A8000B03F6 /* models */ = {
			isa = PBXGroup;
			children = (
				14D2E9A22A92B4DB000B03F6 /* SystemStructs.swift */,
				140263C32A93F809007206CB /* MainStruct.swift */,
			);
			path = models;
			sourceTree = "<group>";
		};
		14D2E9A62A92C1DB000B03F6 /* views */ = {
			isa = PBXGroup;
			children = (
				14B866212A954BCE00A5239A /* Post View */,
				140263C52A93FA55007206CB /* MainScreens */,
			);
			path = views;
			sourceTree = "<group>";
		};
/* End PBXGroup section */

/* Begin PBXNativeTarget section */
		14D2E9812A92A3F6000B03F6 /* Ar8y */ = {
			isa = PBXNativeTarget;
			buildConfigurationList = 14D2E9962A92A3F8000B03F6 /* Build configuration list for PBXNativeTarget "Ar8y" */;
			buildPhases = (
				14D2E97E2A92A3F6000B03F6 /* Sources */,
				14D2E97F2A92A3F6000B03F6 /* Frameworks */,
				14D2E9802A92A3F6000B03F6 /* Resources */,
			);
			buildRules = (
			);
			dependencies = (
			);
			name = Ar8y;
			packageProductDependencies = (
				14D2E99D2A92B442000B03F6 /* Alamofire */,
				14AE9D192A97EEAA00AB7382 /* NVActivityIndicatorView */,
			);
			productName = Ar8y;
			productReference = 14D2E9822A92A3F6000B03F6 /* Ar8y.app */;
			productType = "com.apple.product-type.application";
		};
/* End PBXNativeTarget section */

/* Begin PBXProject section */
		14D2E97A2A92A3F6000B03F6 /* Project object */ = {
			isa = PBXProject;
			attributes = {
				BuildIndependentTargetsInParallel = 1;
				LastSwiftUpdateCheck = 1430;
				LastUpgradeCheck = 1430;
				TargetAttributes = {
					14D2E9812A92A3F6000B03F6 = {
						CreatedOnToolsVersion = 14.3.1;
					};
				};
			};
			buildConfigurationList = 14D2E97D2A92A3F6000B03F6 /* Build configuration list for PBXProject "Ar8y" */;
			compatibilityVersion = "Xcode 14.0";
			developmentRegion = en;
			hasScannedForEncodings = 0;
			knownRegions = (
				en,
				Base,
			);
			mainGroup = 14D2E9792A92A3F6000B03F6;
			packageReferences = (
				14D2E99C2A92B442000B03F6 /* XCRemoteSwiftPackageReference "Alamofire" */,
				14AE9D182A97EEAA00AB7382 /* XCRemoteSwiftPackageReference "NVActivityIndicatorView" */,
			);
			productRefGroup = 14D2E9832A92A3F6000B03F6 /* Products */;
			projectDirPath = "";
			projectRoot = "";
			targets = (
				14D2E9812A92A3F6000B03F6 /* Ar8y */,
			);
		};
/* End PBXProject section */

/* Begin PBXResourcesBuildPhase section */
		14D2E9802A92A3F6000B03F6 /* Resources */ = {
			isa = PBXResourcesBuildPhase;
			buildActionMask = 2147483647;
			files = (
				14D2E9922A92A3F8000B03F6 /* LaunchScreen.storyboard in Resources */,
				14B8662F2A954C6100A5239A /* ButtonsTableViewCell.xib in Resources */,
				14D2E98F2A92A3F8000B03F6 /* Assets.xcassets in Resources */,
				14B866252A954C0100A5239A /* NameTableViewCell.xib in Resources */,
				14D2E98D2A92A3F6000B03F6 /* Main.storyboard in Resources */,
				14B866292A954C3700A5239A /* ContentTableViewCell.xib in Resources */,
			);
			runOnlyForDeploymentPostprocessing = 0;
		};
/* End PBXResourcesBuildPhase section */

/* Begin PBXSourcesBuildPhase section */
		14D2E97E2A92A3F6000B03F6 /* Sources */ = {
			isa = PBXSourcesBuildPhase;
			buildActionMask = 2147483647;
			files = (
				14D2E9A52A92C18B000B03F6 /* HomePageViewController.swift in Sources */,
				14AE9D212A980F4A00AB7382 /* AddNewPostViewController.swift in Sources */,
				14D2E99B2A92B3D5000B03F6 /* tokenManager.swift in Sources */,
				14AE9D1F2A9805CE00AB7382 /* LikeManager.swift in Sources */,
				14D2E9A82A92C23E000B03F6 /* TabBar.swift in Sources */,
				14AE9D232A980FD400AB7382 /* AddNewPost.swift in Sources */,
				14B866242A954C0100A5239A /* NameTableViewCell.swift in Sources */,
				14D2E9A02A92B48A000B03F6 /* userAuthSystem.swift in Sources */,
				14D2E9A32A92B4DB000B03F6 /* SystemStructs.swift in Sources */,
				148296E02A97845600CFD020 /* TabBar2.swift in Sources */,
				140263CD2A93FDBF007206CB /* UserPosts.swift in Sources */,
				14D2E9862A92A3F6000B03F6 /* AppDelegate.swift in Sources */,
				14B8662E2A954C6100A5239A /* ButtonsTableViewCell.swift in Sources */,
				140263D12A940FFC007206CB /* ViewController.swift in Sources */,
				140263C42A93F809007206CB /* MainStruct.swift in Sources */,
				14B866282A954C3700A5239A /* ContentTableViewCell.swift in Sources */,
				145703FF2A98E08100A634E2 /* SinglePostView.swift in Sources */,
				14D2E9882A92A3F6000B03F6 /* SceneDelegate.swift in Sources */,
			);
			runOnlyForDeploymentPostprocessing = 0;
		};
/* End PBXSourcesBuildPhase section */

/* Begin PBXVariantGroup section */
		14D2E98B2A92A3F6000B03F6 /* Main.storyboard */ = {
			isa = PBXVariantGroup;
			children = (
				14D2E98C2A92A3F6000B03F6 /* Base */,
			);
			name = Main.storyboard;
			sourceTree = "<group>";
		};
		14D2E9902A92A3F8000B03F6 /* LaunchScreen.storyboard */ = {
			isa = PBXVariantGroup;
			children = (
				14D2E9912A92A3F8000B03F6 /* Base */,
			);
			name = LaunchScreen.storyboard;
			sourceTree = "<group>";
		};
/* End PBXVariantGroup section */

/* Begin XCBuildConfiguration section */
		14D2E9942A92A3F8000B03F6 /* Debug */ = {
			isa = XCBuildConfiguration;
			buildSettings = {
				ALWAYS_SEARCH_USER_PATHS = NO;
				CLANG_ANALYZER_NONNULL = YES;
				CLANG_ANALYZER_NUMBER_OBJECT_CONVERSION = YES_AGGRESSIVE;
				CLANG_CXX_LANGUAGE_STANDARD = "gnu++20";
				CLANG_ENABLE_MODULES = YES;
				CLANG_ENABLE_OBJC_ARC = YES;
				CLANG_ENABLE_OBJC_WEAK = YES;
				CLANG_WARN_BLOCK_CAPTURE_AUTORELEASING = YES;
				CLANG_WARN_BOOL_CONVERSION = YES;
				CLANG_WARN_COMMA = YES;
				CLANG_WARN_CONSTANT_CONVERSION = YES;
				CLANG_WARN_DEPRECATED_OBJC_IMPLEMENTATIONS = YES;
				CLANG_WARN_DIRECT_OBJC_ISA_USAGE = YES_ERROR;
				CLANG_WARN_DOCUMENTATION_COMMENTS = YES;
				CLANG_WARN_EMPTY_BODY = YES;
				CLANG_WARN_ENUM_CONVERSION = YES;
				CLANG_WARN_INFINITE_RECURSION = YES;
				CLANG_WARN_INT_CONVERSION = YES;
				CLANG_WARN_NON_LITERAL_NULL_CONVERSION = YES;
				CLANG_WARN_OBJC_IMPLICIT_RETAIN_SELF = YES;
				CLANG_WARN_OBJC_LITERAL_CONVERSION = YES;
				CLANG_WARN_OBJC_ROOT_CLASS = YES_ERROR;
				CLANG_WARN_QUOTED_INCLUDE_IN_FRAMEWORK_HEADER = YES;
				CLANG_WARN_RANGE_LOOP_ANALYSIS = YES;
				CLANG_WARN_STRICT_PROTOTYPES = YES;
				CLANG_WARN_SUSPICIOUS_MOVE = YES;
				CLANG_WARN_UNGUARDED_AVAILABILITY = YES_AGGRESSIVE;
				CLANG_WARN_UNREACHABLE_CODE = YES;
				CLANG_WARN__DUPLICATE_METHOD_MATCH = YES;
				COPY_PHASE_STRIP = NO;
				DEBUG_INFORMATION_FORMAT = dwarf;
				ENABLE_STRICT_OBJC_MSGSEND = YES;
				ENABLE_TESTABILITY = YES;
				GCC_C_LANGUAGE_STANDARD = gnu11;
				GCC_DYNAMIC_NO_PIC = NO;
				GCC_NO_COMMON_BLOCKS = YES;
				GCC_OPTIMIZATION_LEVEL = 0;
				GCC_PREPROCESSOR_DEFINITIONS = (
					"DEBUG=1",
					"$(inherited)",
				);
				GCC_WARN_64_TO_32_BIT_CONVERSION = YES;
				GCC_WARN_ABOUT_RETURN_TYPE = YES_ERROR;
				GCC_WARN_UNDECLARED_SELECTOR = YES;
				GCC_WARN_UNINITIALIZED_AUTOS = YES_AGGRESSIVE;
				GCC_WARN_UNUSED_FUNCTION = YES;
				GCC_WARN_UNUSED_VARIABLE = YES;
				IPHONEOS_DEPLOYMENT_TARGET = 16.4;
				MTL_ENABLE_DEBUG_INFO = INCLUDE_SOURCE;
				MTL_FAST_MATH = YES;
				ONLY_ACTIVE_ARCH = YES;
				SDKROOT = iphoneos;
				SWIFT_ACTIVE_COMPILATION_CONDITIONS = DEBUG;
				SWIFT_OPTIMIZATION_LEVEL = "-Onone";
			};
			name = Debug;
		};
		14D2E9952A92A3F8000B03F6 /* Release */ = {
			isa = XCBuildConfiguration;
			buildSettings = {
				ALWAYS_SEARCH_USER_PATHS = NO;
				CLANG_ANALYZER_NONNULL = YES;
				CLANG_ANALYZER_NUMBER_OBJECT_CONVERSION = YES_AGGRESSIVE;
				CLANG_CXX_LANGUAGE_STANDARD = "gnu++20";
				CLANG_ENABLE_MODULES = YES;
				CLANG_ENABLE_OBJC_ARC = YES;
				CLANG_ENABLE_OBJC_WEAK = YES;
				CLANG_WARN_BLOCK_CAPTURE_AUTORELEASING = YES;
				CLANG_WARN_BOOL_CONVERSION = YES;
				CLANG_WARN_COMMA = YES;
				CLANG_WARN_CONSTANT_CONVERSION = YES;
				CLANG_WARN_DEPRECATED_OBJC_IMPLEMENTATIONS = YES;
				CLANG_WARN_DIRECT_OBJC_ISA_USAGE = YES_ERROR;
				CLANG_WARN_DOCUMENTATION_COMMENTS = YES;
				CLANG_WARN_EMPTY_BODY = YES;
				CLANG_WARN_ENUM_CONVERSION = YES;
				CLANG_WARN_INFINITE_RECURSION = YES;
				CLANG_WARN_INT_CONVERSION = YES;
				CLANG_WARN_NON_LITERAL_NULL_CONVERSION = YES;
				CLANG_WARN_OBJC_IMPLICIT_RETAIN_SELF = YES;
				CLANG_WARN_OBJC_LITERAL_CONVERSION = YES;
				CLANG_WARN_OBJC_ROOT_CLASS = YES_ERROR;
				CLANG_WARN_QUOTED_INCLUDE_IN_FRAMEWORK_HEADER = YES;
				CLANG_WARN_RANGE_LOOP_ANALYSIS = YES;
				CLANG_WARN_STRICT_PROTOTYPES = YES;
				CLANG_WARN_SUSPICIOUS_MOVE = YES;
				CLANG_WARN_UNGUARDED_AVAILABILITY = YES_AGGRESSIVE;
				CLANG_WARN_UNREACHABLE_CODE = YES;
				CLANG_WARN__DUPLICATE_METHOD_MATCH = YES;
				COPY_PHASE_STRIP = NO;
				DEBUG_INFORMATION_FORMAT = "dwarf-with-dsym";
				ENABLE_NS_ASSERTIONS = NO;
				ENABLE_STRICT_OBJC_MSGSEND = YES;
				GCC_C_LANGUAGE_STANDARD = gnu11;
				GCC_NO_COMMON_BLOCKS = YES;
				GCC_WARN_64_TO_32_BIT_CONVERSION = YES;
				GCC_WARN_ABOUT_RETURN_TYPE = YES_ERROR;
				GCC_WARN_UNDECLARED_SELECTOR = YES;
				GCC_WARN_UNINITIALIZED_AUTOS = YES_AGGRESSIVE;
				GCC_WARN_UNUSED_FUNCTION = YES;
				GCC_WARN_UNUSED_VARIABLE = YES;
				IPHONEOS_DEPLOYMENT_TARGET = 16.4;
				MTL_ENABLE_DEBUG_INFO = NO;
				MTL_FAST_MATH = YES;
				SDKROOT = iphoneos;
				SWIFT_COMPILATION_MODE = wholemodule;
				SWIFT_OPTIMIZATION_LEVEL = "-O";
				VALIDATE_PRODUCT = YES;
			};
			name = Release;
		};
		14D2E9972A92A3F8000B03F6 /* Debug */ = {
			isa = XCBuildConfiguration;
			buildSettings = {
				ASSETCATALOG_COMPILER_APPICON_NAME = AppIcon;
				ASSETCATALOG_COMPILER_GLOBAL_ACCENT_COLOR_NAME = AccentColor;
				CODE_SIGN_STYLE = Automatic;
				CURRENT_PROJECT_VERSION = 1;
				GENERATE_INFOPLIST_FILE = YES;
				INFOPLIST_FILE = Ar8y/Info.plist;
				INFOPLIST_KEY_UIApplicationSupportsIndirectInputEvents = YES;
				INFOPLIST_KEY_UILaunchStoryboardName = LaunchScreen;
				INFOPLIST_KEY_UIMainStoryboardFile = Main;
				INFOPLIST_KEY_UISupportedInterfaceOrientations_iPad = "UIInterfaceOrientationPortrait UIInterfaceOrientationPortraitUpsideDown UIInterfaceOrientationLandscapeLeft UIInterfaceOrientationLandscapeRight";
				INFOPLIST_KEY_UISupportedInterfaceOrientations_iPhone = "UIInterfaceOrientationPortrait UIInterfaceOrientationLandscapeLeft UIInterfaceOrientationLandscapeRight";
				LD_RUNPATH_SEARCH_PATHS = (
					"$(inherited)",
					"@executable_path/Frameworks",
				);
				MARKETING_VERSION = 1.0;
				PRODUCT_BUNDLE_IDENTIFIER = ar8y.Ar8y;
				PRODUCT_NAME = "$(TARGET_NAME)";
				SUPPORTED_PLATFORMS = "iphoneos iphonesimulator";
				SUPPORTS_MACCATALYST = NO;
				SUPPORTS_MAC_DESIGNED_FOR_IPHONE_IPAD = NO;
				SWIFT_EMIT_LOC_STRINGS = YES;
				SWIFT_VERSION = 5.0;
				TARGETED_DEVICE_FAMILY = "1,2";
			};
			name = Debug;
		};
		14D2E9982A92A3F8000B03F6 /* Release */ = {
			isa = XCBuildConfiguration;
			buildSettings = {
				ASSETCATALOG_COMPILER_APPICON_NAME = AppIcon;
				ASSETCATALOG_COMPILER_GLOBAL_ACCENT_COLOR_NAME = AccentColor;
				CODE_SIGN_STYLE = Automatic;
				CURRENT_PROJECT_VERSION = 1;
				GENERATE_INFOPLIST_FILE = YES;
				INFOPLIST_FILE = Ar8y/Info.plist;
				INFOPLIST_KEY_UIApplicationSupportsIndirectInputEvents = YES;
				INFOPLIST_KEY_UILaunchStoryboardName = LaunchScreen;
				INFOPLIST_KEY_UIMainStoryboardFile = Main;
				INFOPLIST_KEY_UISupportedInterfaceOrientations_iPad = "UIInterfaceOrientationPortrait UIInterfaceOrientationPortraitUpsideDown UIInterfaceOrientationLandscapeLeft UIInterfaceOrientationLandscapeRight";
				INFOPLIST_KEY_UISupportedInterfaceOrientations_iPhone = "UIInterfaceOrientationPortrait UIInterfaceOrientationLandscapeLeft UIInterfaceOrientationLandscapeRight";
				LD_RUNPATH_SEARCH_PATHS = (
					"$(inherited)",
					"@executable_path/Frameworks",
				);
				MARKETING_VERSION = 1.0;
				PRODUCT_BUNDLE_IDENTIFIER = ar8y.Ar8y;
				PRODUCT_NAME = "$(TARGET_NAME)";
				SUPPORTED_PLATFORMS = "iphoneos iphonesimulator";
				SUPPORTS_MACCATALYST = NO;
				SUPPORTS_MAC_DESIGNED_FOR_IPHONE_IPAD = NO;
				SWIFT_EMIT_LOC_STRINGS = YES;
				SWIFT_VERSION = 5.0;
				TARGETED_DEVICE_FAMILY = "1,2";
			};
			name = Release;
		};
/* End XCBuildConfiguration section */

/* Begin XCConfigurationList section */
		14D2E97D2A92A3F6000B03F6 /* Build configuration list for PBXProject "Ar8y" */ = {
			isa = XCConfigurationList;
			buildConfigurations = (
				14D2E9942A92A3F8000B03F6 /* Debug */,
				14D2E9952A92A3F8000B03F6 /* Release */,
			);
			defaultConfigurationIsVisible = 0;
			defaultConfigurationName = Release;
		};
		14D2E9962A92A3F8000B03F6 /* Build configuration list for PBXNativeTarget "Ar8y" */ = {
			isa = XCConfigurationList;
			buildConfigurations = (
				14D2E9972A92A3F8000B03F6 /* Debug */,
				14D2E9982A92A3F8000B03F6 /* Release */,
			);
			defaultConfigurationIsVisible = 0;
			defaultConfigurationName = Release;
		};
/* End XCConfigurationList section */

/* Begin XCRemoteSwiftPackageReference section */
		14AE9D182A97EEAA00AB7382 /* XCRemoteSwiftPackageReference "NVActivityIndicatorView" */ = {
			isa = XCRemoteSwiftPackageReference;
			repositoryURL = "https://github.com/ninjaprox/NVActivityIndicatorView.git";
			requirement = {
				kind = upToNextMajorVersion;
				minimumVersion = 5.0.0;
			};
		};
		14D2E99C2A92B442000B03F6 /* XCRemoteSwiftPackageReference "Alamofire" */ = {
			isa = XCRemoteSwiftPackageReference;
			repositoryURL = "https://github.com/Alamofire/Alamofire.git";
			requirement = {
				kind = upToNextMajorVersion;
				minimumVersion = 5.0.0;
			};
		};
/* End XCRemoteSwiftPackageReference section */

/* Begin XCSwiftPackageProductDependency section */
		14AE9D192A97EEAA00AB7382 /* NVActivityIndicatorView */ = {
			isa = XCSwiftPackageProductDependency;
			package = 14AE9D182A97EEAA00AB7382 /* XCRemoteSwiftPackageReference "NVActivityIndicatorView" */;
			productName = NVActivityIndicatorView;
		};
		14D2E99D2A92B442000B03F6 /* Alamofire */ = {
			isa = XCSwiftPackageProductDependency;
			package = 14D2E99C2A92B442000B03F6 /* XCRemoteSwiftPackageReference "Alamofire" */;
			productName = Alamofire;
		};
/* End XCSwiftPackageProductDependency section */
	};
	rootObject = 14D2E97A2A92A3F6000B03F6 /* Project object */;
}
